{
  "version": 4,
  "terraform_version": "1.9.8",
  "serial": 24,
  "lineage": "bf62ea91-ff50-25db-257b-7b55e6b5859c",
  "outputs": {},
  "resources": [
    {
      "mode": "managed",
      "type": "azurerm_network_interface",
      "name": "tf-vm-nic",
      "provider": "provider[\"registry.terraform.io/hashicorp/azurerm\"]",
      "instances": [
        {
          "schema_version": 0,
          "attributes": {
            "applied_dns_servers": [],
            "dns_servers": [],
            "edge_zone": "",
            "enable_accelerated_networking": false,
            "enable_ip_forwarding": false,
            "id": "/subscriptions/c724b29a-9753-49f9-b117-4d66eb11d965/resourceGroups/tf-vm-rg/providers/Microsoft.Network/networkInterfaces/tf-vm-nic",
            "internal_dns_name_label": "",
            "internal_domain_name_suffix": "fm4j2ywfrbae5f0x2opwj0gaxa.bx.internal.cloudapp.net",
            "ip_configuration": [
              {
                "gateway_load_balancer_frontend_ip_configuration_id": "",
                "name": "internal",
                "primary": true,
                "private_ip_address": "10.0.2.4",
                "private_ip_address_allocation": "Dynamic",
                "private_ip_address_version": "IPv4",
                "public_ip_address_id": "/subscriptions/c724b29a-9753-49f9-b117-4d66eb11d965/resourceGroups/tf-vm-rg/providers/Microsoft.Network/publicIPAddresses/tf-vm-public-ip",
                "subnet_id": "/subscriptions/c724b29a-9753-49f9-b117-4d66eb11d965/resourceGroups/tf-vm-rg/providers/Microsoft.Network/virtualNetworks/tf-vm-network/subnets/tf-vm-subnet-1"
              }
            ],
            "location": "eastus",
            "mac_address": "7C-1E-52-66-EB-32",
            "name": "tf-vm-nic",
            "private_ip_address": "10.0.2.4",
            "private_ip_addresses": [
              "10.0.2.4"
            ],
            "resource_group_name": "tf-vm-rg",
            "tags": {},
            "timeouts": null,
            "virtual_machine_id": "/subscriptions/c724b29a-9753-49f9-b117-4d66eb11d965/resourceGroups/tf-vm-rg/providers/Microsoft.Compute/virtualMachines/tf-vm-0"
          },
          "sensitive_attributes": [],
          "private": "eyJlMmJmYjczMC1lY2FhLTExZTYtOGY4OC0zNDM2M2JjN2M0YzAiOnsiY3JlYXRlIjoxODAwMDAwMDAwMDAwLCJkZWxldGUiOjE4MDAwMDAwMDAwMDAsInJlYWQiOjMwMDAwMDAwMDAwMCwidXBkYXRlIjoxODAwMDAwMDAwMDAwfX0=",
          "dependencies": [
            "azurerm_public_ip.tf-vm-public-ip",
            "azurerm_resource_group.tf-vm-rg",
            "azurerm_subnet.tf-vm-subnet-1",
            "azurerm_virtual_network.tf-vm-vnet"
          ]
        }
      ]
    },
    {
      "mode": "managed",
      "type": "azurerm_network_security_group",
      "name": "tf-vm-nsg",
      "provider": "provider[\"registry.terraform.io/hashicorp/azurerm\"]",
      "instances": [
        {
          "schema_version": 0,
          "attributes": {
            "id": "/subscriptions/c724b29a-9753-49f9-b117-4d66eb11d965/resourceGroups/tf-vm-rg/providers/Microsoft.Network/networkSecurityGroups/tf-vm-nsg",
            "location": "eastus",
            "name": "tf-vm-nsg",
            "resource_group_name": "tf-vm-rg",
            "security_rule": [
              {
                "access": "Allow",
                "description": "",
                "destination_address_prefix": "*",
                "destination_address_prefixes": [],
                "destination_application_security_group_ids": [],
                "destination_port_range": "3389",
                "destination_port_ranges": [],
                "direction": "Inbound",
                "name": "RDP",
                "priority": 1001,
                "protocol": "*",
                "source_address_prefix": "*",
                "source_address_prefixes": [],
                "source_application_security_group_ids": [],
                "source_port_range": "*",
                "source_port_ranges": []
              }
            ],
            "tags": {},
            "timeouts": null
          },
          "sensitive_attributes": [],
          "private": "eyJlMmJmYjczMC1lY2FhLTExZTYtOGY4OC0zNDM2M2JjN2M0YzAiOnsiY3JlYXRlIjoxODAwMDAwMDAwMDAwLCJkZWxldGUiOjE4MDAwMDAwMDAwMDAsInJlYWQiOjMwMDAwMDAwMDAwMCwidXBkYXRlIjoxODAwMDAwMDAwMDAwfX0=",
          "dependencies": [
            "azurerm_resource_group.tf-vm-rg"
          ]
        }
      ]
    },
    {
      "mode": "managed",
      "type": "azurerm_public_ip",
      "name": "tf-vm-public-ip",
      "provider": "provider[\"registry.terraform.io/hashicorp/azurerm\"]",
      "instances": [
        {
          "schema_version": 0,
          "attributes": {
            "allocation_method": "Dynamic",
            "domain_name_label": null,
            "edge_zone": "",
            "fqdn": null,
            "id": "/subscriptions/c724b29a-9753-49f9-b117-4d66eb11d965/resourceGroups/tf-vm-rg/providers/Microsoft.Network/publicIPAddresses/tf-vm-public-ip",
            "idle_timeout_in_minutes": 4,
            "ip_address": "",
            "ip_tags": {},
            "ip_version": "IPv4",
            "location": "eastus",
            "name": "tf-vm-public-ip",
            "public_ip_prefix_id": null,
            "resource_group_name": "tf-vm-rg",
            "reverse_fqdn": null,
            "sku": "Basic",
            "sku_tier": "Regional",
            "tags": {},
            "timeouts": null,
            "zones": []
          },
          "sensitive_attributes": [],
          "private": "eyJlMmJmYjczMC1lY2FhLTExZTYtOGY4OC0zNDM2M2JjN2M0YzAiOnsiY3JlYXRlIjoxODAwMDAwMDAwMDAwLCJkZWxldGUiOjE4MDAwMDAwMDAwMDAsInJlYWQiOjMwMDAwMDAwMDAwMCwidXBkYXRlIjoxODAwMDAwMDAwMDAwfX0=",
          "dependencies": [
            "azurerm_resource_group.tf-vm-rg"
          ]
        }
      ]
    },
    {
      "mode": "managed",
      "type": "azurerm_resource_group",
      "name": "tf-vm-rg",
      "provider": "provider[\"registry.terraform.io/hashicorp/azurerm\"]",
      "instances": [
        {
          "schema_version": 0,
          "attributes": {
            "id": "/subscriptions/c724b29a-9753-49f9-b117-4d66eb11d965/resourceGroups/tf-vm-rg",
            "location": "eastus",
            "name": "tf-vm-rg",
            "tags": {},
            "timeouts": null
          },
          "sensitive_attributes": [],
          "private": "eyJlMmJmYjczMC1lY2FhLTExZTYtOGY4OC0zNDM2M2JjN2M0YzAiOnsiY3JlYXRlIjo1NDAwMDAwMDAwMDAwLCJkZWxldGUiOjU0MDAwMDAwMDAwMDAsInJlYWQiOjMwMDAwMDAwMDAwMCwidXBkYXRlIjo1NDAwMDAwMDAwMDAwfX0="
        }
      ]
    },
    {
      "mode": "managed",
      "type": "azurerm_subnet",
      "name": "tf-vm-subnet-1",
      "provider": "provider[\"registry.terraform.io/hashicorp/azurerm\"]",
      "instances": [
        {
          "schema_version": 0,
          "attributes": {
            "address_prefixes": [
              "10.0.2.0/24"
            ],
            "delegation": [],
            "enforce_private_link_endpoint_network_policies": false,
            "enforce_private_link_service_network_policies": false,
            "id": "/subscriptions/c724b29a-9753-49f9-b117-4d66eb11d965/resourceGroups/tf-vm-rg/providers/Microsoft.Network/virtualNetworks/tf-vm-network/subnets/tf-vm-subnet-1",
            "name": "tf-vm-subnet-1",
            "resource_group_name": "tf-vm-rg",
            "service_endpoint_policy_ids": [],
            "service_endpoints": [],
            "timeouts": null,
            "virtual_network_name": "tf-vm-network"
          },
          "sensitive_attributes": [],
          "private": "eyJlMmJmYjczMC1lY2FhLTExZTYtOGY4OC0zNDM2M2JjN2M0YzAiOnsiY3JlYXRlIjoxODAwMDAwMDAwMDAwLCJkZWxldGUiOjE4MDAwMDAwMDAwMDAsInJlYWQiOjMwMDAwMDAwMDAwMCwidXBkYXRlIjoxODAwMDAwMDAwMDAwfX0=",
          "dependencies": [
            "azurerm_resource_group.tf-vm-rg",
            "azurerm_virtual_network.tf-vm-vnet"
          ]
        }
      ]
    },
    {
      "mode": "managed",
      "type": "azurerm_subnet_network_security_group_association",
      "name": "tf-vm-nsg-association",
      "provider": "provider[\"registry.terraform.io/hashicorp/azurerm\"]",
      "instances": [
        {
          "schema_version": 0,
          "attributes": {
            "id": "/subscriptions/c724b29a-9753-49f9-b117-4d66eb11d965/resourceGroups/tf-vm-rg/providers/Microsoft.Network/virtualNetworks/tf-vm-network/subnets/tf-vm-subnet-1",
            "network_security_group_id": "/subscriptions/c724b29a-9753-49f9-b117-4d66eb11d965/resourceGroups/tf-vm-rg/providers/Microsoft.Network/networkSecurityGroups/tf-vm-nsg",
            "subnet_id": "/subscriptions/c724b29a-9753-49f9-b117-4d66eb11d965/resourceGroups/tf-vm-rg/providers/Microsoft.Network/virtualNetworks/tf-vm-network/subnets/tf-vm-subnet-1",
            "timeouts": null
          },
          "sensitive_attributes": [],
          "private": "eyJlMmJmYjczMC1lY2FhLTExZTYtOGY4OC0zNDM2M2JjN2M0YzAiOnsiY3JlYXRlIjoxODAwMDAwMDAwMDAwLCJkZWxldGUiOjE4MDAwMDAwMDAwMDAsInJlYWQiOjMwMDAwMDAwMDAwMCwidXBkYXRlIjoxODAwMDAwMDAwMDAwfX0=",
          "dependencies": [
            "azurerm_network_security_group.tf-vm-nsg",
            "azurerm_resource_group.tf-vm-rg",
            "azurerm_subnet.tf-vm-subnet-1",
            "azurerm_virtual_network.tf-vm-vnet"
          ]
        }
      ]
    },
    {
      "mode": "managed",
      "type": "azurerm_virtual_network",
      "name": "tf-vm-vnet",
      "provider": "provider[\"registry.terraform.io/hashicorp/azurerm\"]",
      "instances": [
        {
          "schema_version": 0,
          "attributes": {
            "address_space": [
              "10.0.0.0/16"
            ],
            "bgp_community": "",
            "ddos_protection_plan": [],
            "dns_servers": [],
            "edge_zone": "",
            "flow_timeout_in_minutes": 0,
            "guid": "629e3c2b-88c5-4f40-9757-e39f64e8c0b8",
            "id": "/subscriptions/c724b29a-9753-49f9-b117-4d66eb11d965/resourceGroups/tf-vm-rg/providers/Microsoft.Network/virtualNetworks/tf-vm-network",
            "location": "eastus",
            "name": "tf-vm-network",
            "resource_group_name": "tf-vm-rg",
            "subnet": [
              {
                "address_prefix": "10.0.2.0/24",
                "id": "/subscriptions/c724b29a-9753-49f9-b117-4d66eb11d965/resourceGroups/tf-vm-rg/providers/Microsoft.Network/virtualNetworks/tf-vm-network/subnets/tf-vm-subnet-1",
                "name": "tf-vm-subnet-1",
                "security_group": "/subscriptions/c724b29a-9753-49f9-b117-4d66eb11d965/resourceGroups/tf-vm-rg/providers/Microsoft.Network/networkSecurityGroups/tf-vm-nsg"
              }
            ],
            "tags": {},
            "timeouts": null
          },
          "sensitive_attributes": [],
          "private": "eyJlMmJmYjczMC1lY2FhLTExZTYtOGY4OC0zNDM2M2JjN2M0YzAiOnsiY3JlYXRlIjoxODAwMDAwMDAwMDAwLCJkZWxldGUiOjE4MDAwMDAwMDAwMDAsInJlYWQiOjMwMDAwMDAwMDAwMCwidXBkYXRlIjoxODAwMDAwMDAwMDAwfX0=",
          "dependencies": [
            "azurerm_resource_group.tf-vm-rg"
          ]
        }
      ]
    },
    {
      "mode": "managed",
      "type": "azurerm_windows_virtual_machine",
      "name": "tf-vm-0",
      "provider": "provider[\"registry.terraform.io/hashicorp/azurerm\"]",
      "instances": [
        {
          "schema_version": 0,
          "attributes": {
            "additional_capabilities": [],
            "additional_unattend_content": [],
            "admin_password": "P@ssw0rd1234!",
            "admin_username": "adminuser",
            "allow_extension_operations": true,
            "availability_set_id": "",
            "boot_diagnostics": [],
            "computer_name": "tf-vm-0",
            "custom_data": null,
            "dedicated_host_group_id": "",
            "dedicated_host_id": "",
            "edge_zone": "",
            "enable_automatic_updates": true,
            "encryption_at_host_enabled": false,
            "eviction_policy": "",
            "extensions_time_budget": "PT1H30M",
            "hotpatching_enabled": false,
            "id": "/subscriptions/c724b29a-9753-49f9-b117-4d66eb11d965/resourceGroups/tf-vm-rg/providers/Microsoft.Compute/virtualMachines/tf-vm-0",
            "identity": [],
            "license_type": "",
            "location": "eastus",
            "max_bid_price": -1,
            "name": "tf-vm-0",
            "network_interface_ids": [
              "/subscriptions/c724b29a-9753-49f9-b117-4d66eb11d965/resourceGroups/tf-vm-rg/providers/Microsoft.Network/networkInterfaces/tf-vm-nic"
            ],
            "os_disk": [
              {
                "caching": "ReadWrite",
                "diff_disk_settings": [],
                "disk_encryption_set_id": "",
                "disk_size_gb": 127,
                "name": "tf-vm-0_OsDisk_1_0c75f039aef8437391d2e77a16a8e04e",
                "storage_account_type": "Standard_LRS",
                "write_accelerator_enabled": false
              }
            ],
            "patch_mode": "AutomaticByOS",
            "plan": [],
            "platform_fault_domain": -1,
            "priority": "Regular",
            "private_ip_address": "10.0.2.4",
            "private_ip_addresses": [
              "10.0.2.4"
            ],
            "provision_vm_agent": true,
            "proximity_placement_group_id": "",
            "public_ip_address": "172.190.58.96",
            "public_ip_addresses": [
              "172.190.58.96"
            ],
            "resource_group_name": "tf-vm-rg",
            "secret": [],
            "secure_boot_enabled": false,
            "size": "Standard_F2",
            "source_image_id": "",
            "source_image_reference": [
              {
                "offer": "WindowsServer",
                "publisher": "MicrosoftWindowsServer",
                "sku": "2019-Datacenter",
                "version": "latest"
              }
            ],
            "tags": {},
            "termination_notification": [],
            "timeouts": null,
            "timezone": "",
            "user_data": "",
            "virtual_machine_id": "3df4e6a5-d037-4190-ba13-36dc02ba14a4",
            "virtual_machine_scale_set_id": "",
            "vtpm_enabled": false,
            "winrm_listener": [],
            "zone": ""
          },
          "sensitive_attributes": [
            [
              {
                "type": "get_attr",
                "value": "admin_password"
              }
            ],
            [
              {
                "type": "get_attr",
                "value": "custom_data"
              }
            ]
          ],
          "private": "eyJlMmJmYjczMC1lY2FhLTExZTYtOGY4OC0zNDM2M2JjN2M0YzAiOnsiY3JlYXRlIjoyNzAwMDAwMDAwMDAwLCJkZWxldGUiOjI3MDAwMDAwMDAwMDAsInJlYWQiOjMwMDAwMDAwMDAwMCwidXBkYXRlIjoyNzAwMDAwMDAwMDAwfX0=",
          "dependencies": [
            "azurerm_network_interface.tf-vm-nic",
            "azurerm_public_ip.tf-vm-public-ip",
            "azurerm_resource_group.tf-vm-rg",
            "azurerm_subnet.tf-vm-subnet-1",
            "azurerm_virtual_network.tf-vm-vnet"
          ]
        }
      ]
    }
  ],
  "check_results": null
}
